PODS:
  - ARNTransitionAnimator (3.0.6)

DEPENDENCIES:
  - ARNTransitionAnimator

SPEC REPOS:
  https://github.com/CocoaPods/Specs.git:
    - ARNTransitionAnimator

SPEC CHECKSUMS:
  ARNTransitionAnimator: 6320bc6d3ab66c159ae2a06cad7c7725a2ec3c15

PODFILE CHECKSUM: 93a9a9f22167a9607f6c8051b37365774d32008b

COCOAPODS: 1.5.0
