PODS:
  - ARNTransitionAnimator (2.0.0)

DEPENDENCIES:
  - ARNTransitionAnimator (from `https://github.com/xxxAIRINxxx/ARNTransitionAnimator.git`, tag `2.0.0`)

EXTERNAL SOURCES:
  ARNTransitionAnimator:
    :git: https://github.com/xxxAIRINxxx/ARNTransitionAnimator.git
    :tag: 2.0.0

CHECKOUT OPTIONS:
  ARNTransitionAnimator:
    :git: https://github.com/xxxAIRINxxx/ARNTransitionAnimator.git
    :tag: 2.0.0

SPEC CHECKSUMS:
  ARNTransitionAnimator: baec608d5c7e8ba5e49d36f0d771773e711ec40a

PODFILE CHECKSUM: 6fd5d9cbffe9ca5ed35faad3b11a21dd67ba294a

COCOAPODS: 1.0.1
